// !$*UTF8*$!
{
	archiveVersion = 1;
	classes = {
	};
	objectVersion = 56;
	objects = {

/* Begin PBXBuildFile section */
		FFC7F24F2B69F0CF002EBED9 /* DishcoverApp.swift in Sources */ = {isa = PBXBuildFile; fileRef = FFC7F24E2B69F0CF002EBED9 /* DishcoverApp.swift */; };
		FFC7F2512B69F0CF002EBED9 /* MealView.swift in Sources */ = {isa = PBXBuildFile; fileRef = FFC7F2502B69F0CF002EBED9 /* MealView.swift */; };
		FFC7F2532B69F0D1002EBED9 /* Assets.xcassets in Resources */ = {isa = PBXBuildFile; fileRef = FFC7F2522B69F0D1002EBED9 /* Assets.xcassets */; };
		FFC7F2562B69F0D1002EBED9 /* Preview Assets.xcassets in Resources */ = {isa = PBXBuildFile; fileRef = FFC7F2552B69F0D1002EBED9 /* Preview Assets.xcassets */; };
		FFC7F25E2B69F370002EBED9 /* HTTPDataDownloader.swift in Sources */ = {isa = PBXBuildFile; fileRef = FFC7F25D2B69F370002EBED9 /* HTTPDataDownloader.swift */; };
		FFC7F2602B69F3A4002EBED9 /* DishcoverApiError.swift in Sources */ = {isa = PBXBuildFile; fileRef = FFC7F25F2B69F3A4002EBED9 /* DishcoverApiError.swift */; };
		FFC7F2652B69F65D002EBED9 /* MealDataService.swift in Sources */ = {isa = PBXBuildFile; fileRef = FFC7F2642B69F65D002EBED9 /* MealDataService.swift */; };
		FFC7F2672B69F67F002EBED9 /* MockMealService.swift in Sources */ = {isa = PBXBuildFile; fileRef = FFC7F2662B69F67F002EBED9 /* MockMealService.swift */; };
		FFC7F2722B6A04ED002EBED9 /* Meals.swift in Sources */ = {isa = PBXBuildFile; fileRef = FFC7F2712B6A04ED002EBED9 /* Meals.swift */; };
		FFC7F2742B6A052F002EBED9 /* MealDetails.swift in Sources */ = {isa = PBXBuildFile; fileRef = FFC7F2732B6A052F002EBED9 /* MealDetails.swift */; };
		FFC7F2772B6A24EC002EBED9 /* MealDetailsCache.swift in Sources */ = {isa = PBXBuildFile; fileRef = FFC7F2762B6A24EC002EBED9 /* MealDetailsCache.swift */; };
		FFC7F27A2B6A29A4002EBED9 /* ImageLoader.swift in Sources */ = {isa = PBXBuildFile; fileRef = FFC7F2792B6A29A4002EBED9 /* ImageLoader.swift */; };
		FFC7F27C2B6A2A12002EBED9 /* ImageCache.swift in Sources */ = {isa = PBXBuildFile; fileRef = FFC7F27B2B6A2A12002EBED9 /* ImageCache.swift */; };
		FFC7F27F2B6A2E74002EBED9 /* MealsViewModel.swift in Sources */ = {isa = PBXBuildFile; fileRef = FFC7F27E2B6A2E74002EBED9 /* MealsViewModel.swift */; };
		FFC7F2812B6A2E95002EBED9 /* MealDetailsViewModel.swift in Sources */ = {isa = PBXBuildFile; fileRef = FFC7F2802B6A2E95002EBED9 /* MealDetailsViewModel.swift */; };
		FFC7F2832B6A3A7D002EBED9 /* MealImageView.swift in Sources */ = {isa = PBXBuildFile; fileRef = FFC7F2822B6A3A7D002EBED9 /* MealImageView.swift */; };
		FFC7F2852B6A464C002EBED9 /* MealDetailsView.swift in Sources */ = {isa = PBXBuildFile; fileRef = FFC7F2842B6A464C002EBED9 /* MealDetailsView.swift */; };
		FFC7F2872B6ACA2A002EBED9 /* MockData.swift in Sources */ = {isa = PBXBuildFile; fileRef = FFC7F2862B6ACA2A002EBED9 /* MockData.swift */; };
/* End PBXBuildFile section */

/* Begin PBXFileReference section */
		FFC7F24B2B69F0CF002EBED9 /* Dishcover.app */ = {isa = PBXFileReference; explicitFileType = wrapper.application; includeInIndex = 0; path = Dishcover.app; sourceTree = BUILT_PRODUCTS_DIR; };
		FFC7F24E2B69F0CF002EBED9 /* DishcoverApp.swift */ = {isa = PBXFileReference; lastKnownFileType = sourcecode.swift; path = DishcoverApp.swift; sourceTree = "<group>"; };
		FFC7F2502B69F0CF002EBED9 /* MealView.swift */ = {isa = PBXFileReference; lastKnownFileType = sourcecode.swift; path = MealView.swift; sourceTree = "<group>"; };
		FFC7F2522B69F0D1002EBED9 /* Assets.xcassets */ = {isa = PBXFileReference; lastKnownFileType = folder.assetcatalog; path = Assets.xcassets; sourceTree = "<group>"; };
		FFC7F2552B69F0D1002EBED9 /* Preview Assets.xcassets */ = {isa = PBXFileReference; lastKnownFileType = folder.assetcatalog; path = "Preview Assets.xcassets"; sourceTree = "<group>"; };
		FFC7F25D2B69F370002EBED9 /* HTTPDataDownloader.swift */ = {isa = PBXFileReference; lastKnownFileType = sourcecode.swift; path = HTTPDataDownloader.swift; sourceTree = "<group>"; };
		FFC7F25F2B69F3A4002EBED9 /* DishcoverApiError.swift */ = {isa = PBXFileReference; lastKnownFileType = sourcecode.swift; path = DishcoverApiError.swift; sourceTree = "<group>"; };
		FFC7F2642B69F65D002EBED9 /* MealDataService.swift */ = {isa = PBXFileReference; lastKnownFileType = sourcecode.swift; path = MealDataService.swift; sourceTree = "<group>"; };
		FFC7F2662B69F67F002EBED9 /* MockMealService.swift */ = {isa = PBXFileReference; lastKnownFileType = sourcecode.swift; path = MockMealService.swift; sourceTree = "<group>"; };
		FFC7F2712B6A04ED002EBED9 /* Meals.swift */ = {isa = PBXFileReference; lastKnownFileType = sourcecode.swift; path = Meals.swift; sourceTree = "<group>"; };
		FFC7F2732B6A052F002EBED9 /* MealDetails.swift */ = {isa = PBXFileReference; lastKnownFileType = sourcecode.swift; path = MealDetails.swift; sourceTree = "<group>"; };
		FFC7F2762B6A24EC002EBED9 /* MealDetailsCache.swift */ = {isa = PBXFileReference; lastKnownFileType = sourcecode.swift; path = MealDetailsCache.swift; sourceTree = "<group>"; };
		FFC7F2792B6A29A4002EBED9 /* ImageLoader.swift */ = {isa = PBXFileReference; lastKnownFileType = sourcecode.swift; path = ImageLoader.swift; sourceTree = "<group>"; };
		FFC7F27B2B6A2A12002EBED9 /* ImageCache.swift */ = {isa = PBXFileReference; lastKnownFileType = sourcecode.swift; path = ImageCache.swift; sourceTree = "<group>"; };
		FFC7F27E2B6A2E74002EBED9 /* MealsViewModel.swift */ = {isa = PBXFileReference; lastKnownFileType = sourcecode.swift; path = MealsViewModel.swift; sourceTree = "<group>"; };
		FFC7F2802B6A2E95002EBED9 /* MealDetailsViewModel.swift */ = {isa = PBXFileReference; lastKnownFileType = sourcecode.swift; path = MealDetailsViewModel.swift; sourceTree = "<group>"; };
		FFC7F2822B6A3A7D002EBED9 /* MealImageView.swift */ = {isa = PBXFileReference; lastKnownFileType = sourcecode.swift; path = MealImageView.swift; sourceTree = "<group>"; };
		FFC7F2842B6A464C002EBED9 /* MealDetailsView.swift */ = {isa = PBXFileReference; lastKnownFileType = sourcecode.swift; path = MealDetailsView.swift; sourceTree = "<group>"; };
		FFC7F2862B6ACA2A002EBED9 /* MockData.swift */ = {isa = PBXFileReference; lastKnownFileType = sourcecode.swift; path = MockData.swift; sourceTree = "<group>"; };
/* End PBXFileReference section */

/* Begin PBXFrameworksBuildPhase section */
		FFC7F2482B69F0CF002EBED9 /* Frameworks */ = {
			isa = PBXFrameworksBuildPhase;
			buildActionMask = 2147483647;
			files = (
			);
			runOnlyForDeploymentPostprocessing = 0;
		};
/* End PBXFrameworksBuildPhase section */

/* Begin PBXGroup section */
		FFC7F2422B69F0CF002EBED9 = {
			isa = PBXGroup;
			children = (
				FFC7F24D2B69F0CF002EBED9 /* Dishcover */,
				FFC7F24C2B69F0CF002EBED9 /* Products */,
			);
			sourceTree = "<group>";
		};
		FFC7F24C2B69F0CF002EBED9 /* Products */ = {
			isa = PBXGroup;
			children = (
				FFC7F24B2B69F0CF002EBED9 /* Dishcover.app */,
			);
			name = Products;
			sourceTree = "<group>";
		};
		FFC7F24D2B69F0CF002EBED9 /* Dishcover */ = {
			isa = PBXGroup;
			children = (
				FFC7F27D2B6A2E12002EBED9 /* App */,
				FFC7F2682B6A03E4002EBED9 /* Core */,
				FFC7F25C2B69F335002EBED9 /* Shared */,
				FFC7F2522B69F0D1002EBED9 /* Assets.xcassets */,
				FFC7F2542B69F0D1002EBED9 /* Preview Content */,
			);
			path = Dishcover;
			sourceTree = "<group>";
		};
		FFC7F2542B69F0D1002EBED9 /* Preview Content */ = {
			isa = PBXGroup;
			children = (
				FFC7F2552B69F0D1002EBED9 /* Preview Assets.xcassets */,
			);
			path = "Preview Content";
			sourceTree = "<group>";
		};
		FFC7F25C2B69F335002EBED9 /* Shared */ = {
			isa = PBXGroup;
			children = (
				FFC7F2782B6A2979002EBED9 /* Images */,
				FFC7F2612B69F5C7002EBED9 /* Network Layer */,
			);
			path = Shared;
			sourceTree = "<group>";
		};
		FFC7F2612B69F5C7002EBED9 /* Network Layer */ = {
			isa = PBXGroup;
			children = (
				FFC7F2632B69F61C002EBED9 /* Services */,
				FFC7F25D2B69F370002EBED9 /* HTTPDataDownloader.swift */,
				FFC7F25F2B69F3A4002EBED9 /* DishcoverApiError.swift */,
			);
			path = "Network Layer";
			sourceTree = "<group>";
		};
		FFC7F2632B69F61C002EBED9 /* Services */ = {
			isa = PBXGroup;
			children = (
				FFC7F2642B69F65D002EBED9 /* MealDataService.swift */,
				FFC7F2662B69F67F002EBED9 /* MockMealService.swift */,
				FFC7F2862B6ACA2A002EBED9 /* MockData.swift */,
			);
			path = Services;
			sourceTree = "<group>";
		};
		FFC7F2682B6A03E4002EBED9 /* Core */ = {
			isa = PBXGroup;
			children = (
				FFC7F26A2B6A03FD002EBED9 /* MealDetails */,
				FFC7F2692B6A03F2002EBED9 /* Meals */,
			);
			path = Core;
			sourceTree = "<group>";
		};
		FFC7F2692B6A03F2002EBED9 /* Meals */ = {
			isa = PBXGroup;
			children = (
				FFC7F2702B6A046A002EBED9 /* View */,
				FFC7F26F2B6A045C002EBED9 /* ViewModel */,
				FFC7F26E2B6A043D002EBED9 /* Model */,
			);
			path = Meals;
			sourceTree = "<group>";
		};
		FFC7F26A2B6A03FD002EBED9 /* MealDetails */ = {
			isa = PBXGroup;
			children = (
				FFC7F2752B6A24DB002EBED9 /* Cache */,
				FFC7F26D2B6A0433002EBED9 /* Model */,
				FFC7F26C2B6A0429002EBED9 /* View */,
				FFC7F26B2B6A0421002EBED9 /* ViewModel */,
			);
			path = MealDetails;
			sourceTree = "<group>";
		};
		FFC7F26B2B6A0421002EBED9 /* ViewModel */ = {
			isa = PBXGroup;
			children = (
				FFC7F2802B6A2E95002EBED9 /* MealDetailsViewModel.swift */,
			);
			path = ViewModel;
			sourceTree = "<group>";
		};
		FFC7F26C2B6A0429002EBED9 /* View */ = {
			isa = PBXGroup;
			children = (
				FFC7F2842B6A464C002EBED9 /* MealDetailsView.swift */,
			);
			path = View;
			sourceTree = "<group>";
		};
		FFC7F26D2B6A0433002EBED9 /* Model */ = {
			isa = PBXGroup;
			children = (
				FFC7F2732B6A052F002EBED9 /* MealDetails.swift */,
			);
			path = Model;
			sourceTree = "<group>";
		};
		FFC7F26E2B6A043D002EBED9 /* Model */ = {
			isa = PBXGroup;
			children = (
				FFC7F2712B6A04ED002EBED9 /* Meals.swift */,
			);
			path = Model;
			sourceTree = "<group>";
		};
		FFC7F26F2B6A045C002EBED9 /* ViewModel */ = {
			isa = PBXGroup;
			children = (
				FFC7F27E2B6A2E74002EBED9 /* MealsViewModel.swift */,
			);
			path = ViewModel;
			sourceTree = "<group>";
		};
		FFC7F2702B6A046A002EBED9 /* View */ = {
			isa = PBXGroup;
			children = (
				FFC7F2502B69F0CF002EBED9 /* MealView.swift */,
				FFC7F2822B6A3A7D002EBED9 /* MealImageView.swift */,
			);
			path = View;
			sourceTree = "<group>";
		};
		FFC7F2752B6A24DB002EBED9 /* Cache */ = {
			isa = PBXGroup;
			children = (
				FFC7F2762B6A24EC002EBED9 /* MealDetailsCache.swift */,
			);
			path = Cache;
			sourceTree = "<group>";
		};
		FFC7F2782B6A2979002EBED9 /* Images */ = {
			isa = PBXGroup;
			children = (
				FFC7F2792B6A29A4002EBED9 /* ImageLoader.swift */,
				FFC7F27B2B6A2A12002EBED9 /* ImageCache.swift */,
			);
			path = Images;
			sourceTree = "<group>";
		};
		FFC7F27D2B6A2E12002EBED9 /* App */ = {
			isa = PBXGroup;
			children = (
				FFC7F24E2B69F0CF002EBED9 /* DishcoverApp.swift */,
			);
			path = App;
			sourceTree = "<group>";
		};
/* End PBXGroup section */

/* Begin PBXNativeTarget section */
		FFC7F24A2B69F0CF002EBED9 /* Dishcover */ = {
			isa = PBXNativeTarget;
			buildConfigurationList = FFC7F2592B69F0D1002EBED9 /* Build configuration list for PBXNativeTarget "Dishcover" */;
			buildPhases = (
				FFC7F2472B69F0CF002EBED9 /* Sources */,
				FFC7F2482B69F0CF002EBED9 /* Frameworks */,
				FFC7F2492B69F0CF002EBED9 /* Resources */,
			);
			buildRules = (
			);
			dependencies = (
			);
			name = Dishcover;
			productName = Dishcover;
			productReference = FFC7F24B2B69F0CF002EBED9 /* Dishcover.app */;
			productType = "com.apple.product-type.application";
		};
/* End PBXNativeTarget section */

/* Begin PBXProject section */
		FFC7F2432B69F0CF002EBED9 /* Project object */ = {
			isa = PBXProject;
			attributes = {
				BuildIndependentTargetsInParallel = 1;
				LastSwiftUpdateCheck = 1510;
				LastUpgradeCheck = 1510;
				TargetAttributes = {
					FFC7F24A2B69F0CF002EBED9 = {
						CreatedOnToolsVersion = 15.1;
					};
				};
			};
			buildConfigurationList = FFC7F2462B69F0CF002EBED9 /* Build configuration list for PBXProject "Dishcover" */;
			compatibilityVersion = "Xcode 14.0";
			developmentRegion = en;
			hasScannedForEncodings = 0;
			knownRegions = (
				en,
				Base,
			);
			mainGroup = FFC7F2422B69F0CF002EBED9;
			productRefGroup = FFC7F24C2B69F0CF002EBED9 /* Products */;
			projectDirPath = "";
			projectRoot = "";
			targets = (
				FFC7F24A2B69F0CF002EBED9 /* Dishcover */,
			);
		};
/* End PBXProject section */

/* Begin PBXResourcesBuildPhase section */
		FFC7F2492B69F0CF002EBED9 /* Resources */ = {
			isa = PBXResourcesBuildPhase;
			buildActionMask = 2147483647;
			files = (
				FFC7F2562B69F0D1002EBED9 /* Preview Assets.xcassets in Resources */,
				FFC7F2532B69F0D1002EBED9 /* Assets.xcassets in Resources */,
			);
			runOnlyForDeploymentPostprocessing = 0;
		};
/* End PBXResourcesBuildPhase section */

/* Begin PBXSourcesBuildPhase section */
		FFC7F2472B69F0CF002EBED9 /* Sources */ = {
			isa = PBXSourcesBuildPhase;
			buildActionMask = 2147483647;
			files = (
				FFC7F27C2B6A2A12002EBED9 /* ImageCache.swift in Sources */,
				FFC7F2722B6A04ED002EBED9 /* Meals.swift in Sources */,
				FFC7F2742B6A052F002EBED9 /* MealDetails.swift in Sources */,
				FFC7F27A2B6A29A4002EBED9 /* ImageLoader.swift in Sources */,
				FFC7F2512B69F0CF002EBED9 /* MealView.swift in Sources */,
				FFC7F27F2B6A2E74002EBED9 /* MealsViewModel.swift in Sources */,
				FFC7F2672B69F67F002EBED9 /* MockMealService.swift in Sources */,
				FFC7F2852B6A464C002EBED9 /* MealDetailsView.swift in Sources */,
				FFC7F2772B6A24EC002EBED9 /* MealDetailsCache.swift in Sources */,
				FFC7F2812B6A2E95002EBED9 /* MealDetailsViewModel.swift in Sources */,
				FFC7F2832B6A3A7D002EBED9 /* MealImageView.swift in Sources */,
				FFC7F2602B69F3A4002EBED9 /* DishcoverApiError.swift in Sources */,
				FFC7F25E2B69F370002EBED9 /* HTTPDataDownloader.swift in Sources */,
				FFC7F2872B6ACA2A002EBED9 /* MockData.swift in Sources */,
				FFC7F2652B69F65D002EBED9 /* MealDataService.swift in Sources */,
				FFC7F24F2B69F0CF002EBED9 /* DishcoverApp.swift in Sources */,
			);
			runOnlyForDeploymentPostprocessing = 0;
		};
/* End PBXSourcesBuildPhase section */

/* Begin XCBuildConfiguration section */
		FFC7F2572B69F0D1002EBED9 /* Debug */ = {
			isa = XCBuildConfiguration;
			buildSettings = {
				ALWAYS_SEARCH_USER_PATHS = NO;
				ASSETCATALOG_COMPILER_GENERATE_SWIFT_ASSET_SYMBOL_EXTENSIONS = YES;
				CLANG_ANALYZER_NONNULL = YES;
				CLANG_ANALYZER_NUMBER_OBJECT_CONVERSION = YES_AGGRESSIVE;
				CLANG_CXX_LANGUAGE_STANDARD = "gnu++20";
				CLANG_ENABLE_MODULES = YES;
				CLANG_ENABLE_OBJC_ARC = YES;
				CLANG_ENABLE_OBJC_WEAK = YES;
				CLANG_WARN_BLOCK_CAPTURE_AUTORELEASING = YES;
				CLANG_WARN_BOOL_CONVERSION = YES;
				CLANG_WARN_COMMA = YES;
				CLANG_WARN_CONSTANT_CONVERSION = YES;
				CLANG_WARN_DEPRECATED_OBJC_IMPLEMENTATIONS = YES;
				CLANG_WARN_DIRECT_OBJC_ISA_USAGE = YES_ERROR;
				CLANG_WARN_DOCUMENTATION_COMMENTS = YES;
				CLANG_WARN_EMPTY_BODY = YES;
				CLANG_WARN_ENUM_CONVERSION = YES;
				CLANG_WARN_INFINITE_RECURSION = YES;
				CLANG_WARN_INT_CONVERSION = YES;
				CLANG_WARN_NON_LITERAL_NULL_CONVERSION = YES;
				CLANG_WARN_OBJC_IMPLICIT_RETAIN_SELF = YES;
				CLANG_WARN_OBJC_LITERAL_CONVERSION = YES;
				CLANG_WARN_OBJC_ROOT_CLASS = YES_ERROR;
				CLANG_WARN_QUOTED_INCLUDE_IN_FRAMEWORK_HEADER = YES;
				CLANG_WARN_RANGE_LOOP_ANALYSIS = YES;
				CLANG_WARN_STRICT_PROTOTYPES = YES;
				CLANG_WARN_SUSPICIOUS_MOVE = YES;
				CLANG_WARN_UNGUARDED_AVAILABILITY = YES_AGGRESSIVE;
				CLANG_WARN_UNREACHABLE_CODE = YES;
				CLANG_WARN__DUPLICATE_METHOD_MATCH = YES;
				COPY_PHASE_STRIP = NO;
				DEBUG_INFORMATION_FORMAT = dwarf;
				ENABLE_STRICT_OBJC_MSGSEND = YES;
				ENABLE_TESTABILITY = YES;
				ENABLE_USER_SCRIPT_SANDBOXING = YES;
				GCC_C_LANGUAGE_STANDARD = gnu17;
				GCC_DYNAMIC_NO_PIC = NO;
				GCC_NO_COMMON_BLOCKS = YES;
				GCC_OPTIMIZATION_LEVEL = 0;
				GCC_PREPROCESSOR_DEFINITIONS = (
					"DEBUG=1",
					"$(inherited)",
				);
				GCC_WARN_64_TO_32_BIT_CONVERSION = YES;
				GCC_WARN_ABOUT_RETURN_TYPE = YES_ERROR;
				GCC_WARN_UNDECLARED_SELECTOR = YES;
				GCC_WARN_UNINITIALIZED_AUTOS = YES_AGGRESSIVE;
				GCC_WARN_UNUSED_FUNCTION = YES;
				GCC_WARN_UNUSED_VARIABLE = YES;
				IPHONEOS_DEPLOYMENT_TARGET = 17.2;
				LOCALIZATION_PREFERS_STRING_CATALOGS = YES;
				MTL_ENABLE_DEBUG_INFO = INCLUDE_SOURCE;
				MTL_FAST_MATH = YES;
				ONLY_ACTIVE_ARCH = YES;
				SDKROOT = iphoneos;
				SWIFT_ACTIVE_COMPILATION_CONDITIONS = "DEBUG $(inherited)";
				SWIFT_OPTIMIZATION_LEVEL = "-Onone";
			};
			name = Debug;
		};
		FFC7F2582B69F0D1002EBED9 /* Release */ = {
			isa = XCBuildConfiguration;
			buildSettings = {
				ALWAYS_SEARCH_USER_PATHS = NO;
				ASSETCATALOG_COMPILER_GENERATE_SWIFT_ASSET_SYMBOL_EXTENSIONS = YES;
				CLANG_ANALYZER_NONNULL = YES;
				CLANG_ANALYZER_NUMBER_OBJECT_CONVERSION = YES_AGGRESSIVE;
				CLANG_CXX_LANGUAGE_STANDARD = "gnu++20";
				CLANG_ENABLE_MODULES = YES;
				CLANG_ENABLE_OBJC_ARC = YES;
				CLANG_ENABLE_OBJC_WEAK = YES;
				CLANG_WARN_BLOCK_CAPTURE_AUTORELEASING = YES;
				CLANG_WARN_BOOL_CONVERSION = YES;
				CLANG_WARN_COMMA = YES;
				CLANG_WARN_CONSTANT_CONVERSION = YES;
				CLANG_WARN_DEPRECATED_OBJC_IMPLEMENTATIONS = YES;
				CLANG_WARN_DIRECT_OBJC_ISA_USAGE = YES_ERROR;
				CLANG_WARN_DOCUMENTATION_COMMENTS = YES;
				CLANG_WARN_EMPTY_BODY = YES;
				CLANG_WARN_ENUM_CONVERSION = YES;
				CLANG_WARN_INFINITE_RECURSION = YES;
				CLANG_WARN_INT_CONVERSION = YES;
				CLANG_WARN_NON_LITERAL_NULL_CONVERSION = YES;
				CLANG_WARN_OBJC_IMPLICIT_RETAIN_SELF = YES;
				CLANG_WARN_OBJC_LITERAL_CONVERSION = YES;
				CLANG_WARN_OBJC_ROOT_CLASS = YES_ERROR;
				CLANG_WARN_QUOTED_INCLUDE_IN_FRAMEWORK_HEADER = YES;
				CLANG_WARN_RANGE_LOOP_ANALYSIS = YES;
				CLANG_WARN_STRICT_PROTOTYPES = YES;
				CLANG_WARN_SUSPICIOUS_MOVE = YES;
				CLANG_WARN_UNGUARDED_AVAILABILITY = YES_AGGRESSIVE;
				CLANG_WARN_UNREACHABLE_CODE = YES;
				CLANG_WARN__DUPLICATE_METHOD_MATCH = YES;
				COPY_PHASE_STRIP = NO;
				DEBUG_INFORMATION_FORMAT = "dwarf-with-dsym";
				ENABLE_NS_ASSERTIONS = NO;
				ENABLE_STRICT_OBJC_MSGSEND = YES;
				ENABLE_USER_SCRIPT_SANDBOXING = YES;
				GCC_C_LANGUAGE_STANDARD = gnu17;
				GCC_NO_COMMON_BLOCKS = YES;
				GCC_WARN_64_TO_32_BIT_CONVERSION = YES;
				GCC_WARN_ABOUT_RETURN_TYPE = YES_ERROR;
				GCC_WARN_UNDECLARED_SELECTOR = YES;
				GCC_WARN_UNINITIALIZED_AUTOS = YES_AGGRESSIVE;
				GCC_WARN_UNUSED_FUNCTION = YES;
				GCC_WARN_UNUSED_VARIABLE = YES;
				IPHONEOS_DEPLOYMENT_TARGET = 17.2;
				LOCALIZATION_PREFERS_STRING_CATALOGS = YES;
				MTL_ENABLE_DEBUG_INFO = NO;
				MTL_FAST_MATH = YES;
				SDKROOT = iphoneos;
				SWIFT_COMPILATION_MODE = wholemodule;
				VALIDATE_PRODUCT = YES;
			};
			name = Release;
		};
		FFC7F25A2B69F0D1002EBED9 /* Debug */ = {
			isa = XCBuildConfiguration;
			buildSettings = {
				ASSETCATALOG_COMPILER_APPICON_NAME = AppIcon;
				ASSETCATALOG_COMPILER_GLOBAL_ACCENT_COLOR_NAME = AccentColor;
				CODE_SIGN_STYLE = Automatic;
				CURRENT_PROJECT_VERSION = 1;
				DEVELOPMENT_ASSET_PATHS = "\"Dishcover/Preview Content\"";
				DEVELOPMENT_TEAM = RFYDNQN4JF;
				ENABLE_PREVIEWS = YES;
				GENERATE_INFOPLIST_FILE = YES;
				INFOPLIST_KEY_UIApplicationSceneManifest_Generation = YES;
				INFOPLIST_KEY_UIApplicationSupportsIndirectInputEvents = YES;
				INFOPLIST_KEY_UILaunchScreen_Generation = YES;
				INFOPLIST_KEY_UISupportedInterfaceOrientations_iPad = "UIInterfaceOrientationPortrait UIInterfaceOrientationPortraitUpsideDown UIInterfaceOrientationLandscapeLeft UIInterfaceOrientationLandscapeRight";
				INFOPLIST_KEY_UISupportedInterfaceOrientations_iPhone = "UIInterfaceOrientationPortrait UIInterfaceOrientationLandscapeLeft UIInterfaceOrientationLandscapeRight";
				LD_RUNPATH_SEARCH_PATHS = (
					"$(inherited)",
					"@executable_path/Frameworks",
				);
				MARKETING_VERSION = 1.0;
				PRODUCT_BUNDLE_IDENTIFIER = com.tutolin.Dishcover;
				PRODUCT_NAME = "$(TARGET_NAME)";
				SWIFT_EMIT_LOC_STRINGS = YES;
				SWIFT_VERSION = 5.0;
				TARGETED_DEVICE_FAMILY = "1,2";
			};
			name = Debug;
		};
		FFC7F25B2B69F0D1002EBED9 /* Release */ = {
			isa = XCBuildConfiguration;
			buildSettings = {
				ASSETCATALOG_COMPILER_APPICON_NAME = AppIcon;
				ASSETCATALOG_COMPILER_GLOBAL_ACCENT_COLOR_NAME = AccentColor;
				CODE_SIGN_STYLE = Automatic;
				CURRENT_PROJECT_VERSION = 1;
				DEVELOPMENT_ASSET_PATHS = "\"Dishcover/Preview Content\"";
				DEVELOPMENT_TEAM = RFYDNQN4JF;
				ENABLE_PREVIEWS = YES;
				GENERATE_INFOPLIST_FILE = YES;
				INFOPLIST_KEY_UIApplicationSceneManifest_Generation = YES;
				INFOPLIST_KEY_UIApplicationSupportsIndirectInputEvents = YES;
				INFOPLIST_KEY_UILaunchScreen_Generation = YES;
				INFOPLIST_KEY_UISupportedInterfaceOrientations_iPad = "UIInterfaceOrientationPortrait UIInterfaceOrientationPortraitUpsideDown UIInterfaceOrientationLandscapeLeft UIInterfaceOrientationLandscapeRight";
				INFOPLIST_KEY_UISupportedInterfaceOrientations_iPhone = "UIInterfaceOrientationPortrait UIInterfaceOrientationLandscapeLeft UIInterfaceOrientationLandscapeRight";
				LD_RUNPATH_SEARCH_PATHS = (
					"$(inherited)",
					"@executable_path/Frameworks",
				);
				MARKETING_VERSION = 1.0;
				PRODUCT_BUNDLE_IDENTIFIER = com.tutolin.Dishcover;
				PRODUCT_NAME = "$(TARGET_NAME)";
				SWIFT_EMIT_LOC_STRINGS = YES;
				SWIFT_VERSION = 5.0;
				TARGETED_DEVICE_FAMILY = "1,2";
			};
			name = Release;
		};
/* End XCBuildConfiguration section */

/* Begin XCConfigurationList section */
		FFC7F2462B69F0CF002EBED9 /* Build configuration list for PBXProject "Dishcover" */ = {
			isa = XCConfigurationList;
			buildConfigurations = (
				FFC7F2572B69F0D1002EBED9 /* Debug */,
				FFC7F2582B69F0D1002EBED9 /* Release */,
			);
			defaultConfigurationIsVisible = 0;
			defaultConfigurationName = Release;
		};
		FFC7F2592B69F0D1002EBED9 /* Build configuration list for PBXNativeTarget "Dishcover" */ = {
			isa = XCConfigurationList;
			buildConfigurations = (
				FFC7F25A2B69F0D1002EBED9 /* Debug */,
				FFC7F25B2B69F0D1002EBED9 /* Release */,
			);
			defaultConfigurationIsVisible = 0;
			defaultConfigurationName = Release;
		};
/* End XCConfigurationList section */
	};
	rootObject = FFC7F2432B69F0CF002EBED9 /* Project object */;
}
